# This file is automatically @generated by Cargo.
# It is not intended for manual editing.
version = 4

[[package]]
name = "hello-rust"
version = "0.1.0"
dependencies = [
 "oxide-rt",
]

[[package]]
name = "oxide-rt"
version = "0.1.0"

[[package]]
name = "sh"
version = "0.1.0"
dependencies = [
 "oxide-rt",
]
